
Microsoft Visual Studio Solution File, Format Version 12.00
# Visual Studio Version 16
VisualStudioVersion = 16.0.29613.14
MinimumVisualStudioVersion = 10.0.40219.1
Project("{9A19103F-16F7-4668-BE54-9A1E7A4F7556}") = "RavenNest.Models", "src\RavenNest.Models\RavenNest.Models.csproj", "{22E78F81-4144-4960-AB2A-EBE0B1229BB3}"
EndProject
Project("{9A19103F-16F7-4668-BE54-9A1E7A4F7556}") = "RavenNest.BusinessLogic", "src\RavenNest.BusinessLogic\RavenNest.BusinessLogic.csproj", "{326220C7-74C2-4340-A298-113BD9F4992C}"
EndProject
Project("{9A19103F-16F7-4668-BE54-9A1E7A4F7556}") = "RavenNest", "src\RavenNest\RavenNest.csproj", "{468B4827-E163-49B8-A850-CA1CF8DE7786}"
EndProject
Project("{9A19103F-16F7-4668-BE54-9A1E7A4F7556}") = "RavenNest.DataModels", "src\RavenNest.DataModels\RavenNest.DataModels.csproj", "{49562A61-681C-469A-9224-9A40953A30AE}"
EndProject
Project("{9A19103F-16F7-4668-BE54-9A1E7A4F7556}") = "RavenNest.SDK", "src\RavenNest.SDK\RavenNest.SDK.csproj", "{969CB15B-D358-4EB3-8800-7950F18825F8}"
EndProject
Project("{9A19103F-16F7-4668-BE54-9A1E7A4F7556}") = "RavenNest.UnitTests", "Tests\RavenNest.UnitTests\RavenNest.UnitTests.csproj", "{C7ACFCA9-38B3-4063-B478-05804197850E}"
EndProject
Project("{9A19103F-16F7-4668-BE54-9A1E7A4F7556}") = "RavenNest.TestClient", "src\RavenNest.TestClient\RavenNest.TestClient.csproj", "{6B58CBB1-4EB9-42FA-9B15-65EC5196D6DB}"
EndProject
Project("{2150E333-8FDC-42A3-9474-1A3956D46DE8}") = "Solution Items", "Solution Items", "{B9B540A3-FCD7-4E76-9A9D-D27108AEC010}"
	ProjectSection(SolutionItems) = preProject
		.editorconfig = .editorconfig
		.gitignore = .gitignore
		README.md = README.md
	EndProjectSection
EndProject
Project("{9A19103F-16F7-4668-BE54-9A1E7A4F7556}") = "RavenNest.Tools", "src\tools\RavenNest.Tools\RavenNest.Tools.csproj", "{58297EFA-7E78-47DB-988B-3E8F02D8A282}"
EndProject
Project("{2150E333-8FDC-42A3-9474-1A3956D46DE8}") = "Tools", "Tools", "{4B6B7254-0011-4E8D-B51D-24AE557028D2}"
EndProject
Project("{FAE04EC0-301F-11D3-BF4B-00C04F79EFBC}") = "RavenNest.Blazor", "src\RavenNest.Blazor\RavenNest.Blazor.csproj", "{677D1722-8E65-468E-B37F-74142D144581}"
EndProject
Project("{FAE04EC0-301F-11D3-BF4B-00C04F79EFBC}") = "RavenNest.Blazor.Services", "src\RavenNest.Blazor.Services\RavenNest.Blazor.Services.csproj", "{F82556D9-E183-45B6-ADD2-4621E37B69A4}"
EndProject
Global
	GlobalSection(SolutionConfigurationPlatforms) = preSolution
		Debug|Any CPU = Debug|Any CPU
		Release|Any CPU = Release|Any CPU
	EndGlobalSection
	GlobalSection(ProjectConfigurationPlatforms) = postSolution
		{22E78F81-4144-4960-AB2A-EBE0B1229BB3}.Debug|Any CPU.ActiveCfg = Debug|Any CPU
		{22E78F81-4144-4960-AB2A-EBE0B1229BB3}.Debug|Any CPU.Build.0 = Debug|Any CPU
		{22E78F81-4144-4960-AB2A-EBE0B1229BB3}.Release|Any CPU.ActiveCfg = Release|Any CPU
		{22E78F81-4144-4960-AB2A-EBE0B1229BB3}.Release|Any CPU.Build.0 = Release|Any CPU
		{326220C7-74C2-4340-A298-113BD9F4992C}.Debug|Any CPU.ActiveCfg = Debug|Any CPU
		{326220C7-74C2-4340-A298-113BD9F4992C}.Debug|Any CPU.Build.0 = Debug|Any CPU
		{326220C7-74C2-4340-A298-113BD9F4992C}.Release|Any CPU.ActiveCfg = Release|Any CPU
		{326220C7-74C2-4340-A298-113BD9F4992C}.Release|Any CPU.Build.0 = Release|Any CPU
		{468B4827-E163-49B8-A850-CA1CF8DE7786}.Debug|Any CPU.ActiveCfg = Debug|Any CPU
		{468B4827-E163-49B8-A850-CA1CF8DE7786}.Debug|Any CPU.Build.0 = Debug|Any CPU
		{468B4827-E163-49B8-A850-CA1CF8DE7786}.Release|Any CPU.ActiveCfg = Release|Any CPU
		{468B4827-E163-49B8-A850-CA1CF8DE7786}.Release|Any CPU.Build.0 = Release|Any CPU
		{49562A61-681C-469A-9224-9A40953A30AE}.Debug|Any CPU.ActiveCfg = Debug|Any CPU
		{49562A61-681C-469A-9224-9A40953A30AE}.Debug|Any CPU.Build.0 = Debug|Any CPU
		{49562A61-681C-469A-9224-9A40953A30AE}.Release|Any CPU.ActiveCfg = Release|Any CPU
		{49562A61-681C-469A-9224-9A40953A30AE}.Release|Any CPU.Build.0 = Release|Any CPU
		{969CB15B-D358-4EB3-8800-7950F18825F8}.Debug|Any CPU.ActiveCfg = Debug|Any CPU
		{969CB15B-D358-4EB3-8800-7950F18825F8}.Debug|Any CPU.Build.0 = Debug|Any CPU
		{969CB15B-D358-4EB3-8800-7950F18825F8}.Release|Any CPU.ActiveCfg = Release|Any CPU
		{969CB15B-D358-4EB3-8800-7950F18825F8}.Release|Any CPU.Build.0 = Release|Any CPU
		{C7ACFCA9-38B3-4063-B478-05804197850E}.Debug|Any CPU.ActiveCfg = Debug|Any CPU
		{C7ACFCA9-38B3-4063-B478-05804197850E}.Debug|Any CPU.Build.0 = Debug|Any CPU
		{C7ACFCA9-38B3-4063-B478-05804197850E}.Release|Any CPU.ActiveCfg = Release|Any CPU
		{C7ACFCA9-38B3-4063-B478-05804197850E}.Release|Any CPU.Build.0 = Release|Any CPU
		{6B58CBB1-4EB9-42FA-9B15-65EC5196D6DB}.Debug|Any CPU.ActiveCfg = Debug|Any CPU
		{6B58CBB1-4EB9-42FA-9B15-65EC5196D6DB}.Debug|Any CPU.Build.0 = Debug|Any CPU
		{6B58CBB1-4EB9-42FA-9B15-65EC5196D6DB}.Release|Any CPU.ActiveCfg = Release|Any CPU
		{6B58CBB1-4EB9-42FA-9B15-65EC5196D6DB}.Release|Any CPU.Build.0 = Release|Any CPU
		{58297EFA-7E78-47DB-988B-3E8F02D8A282}.Debug|Any CPU.ActiveCfg = Debug|Any CPU
		{58297EFA-7E78-47DB-988B-3E8F02D8A282}.Debug|Any CPU.Build.0 = Debug|Any CPU
		{58297EFA-7E78-47DB-988B-3E8F02D8A282}.Release|Any CPU.ActiveCfg = Release|Any CPU
		{58297EFA-7E78-47DB-988B-3E8F02D8A282}.Release|Any CPU.Build.0 = Release|Any CPU
		{677D1722-8E65-468E-B37F-74142D144581}.Debug|Any CPU.ActiveCfg = Debug|Any CPU
		{677D1722-8E65-468E-B37F-74142D144581}.Debug|Any CPU.Build.0 = Debug|Any CPU
		{677D1722-8E65-468E-B37F-74142D144581}.Release|Any CPU.ActiveCfg = Release|Any CPU
		{677D1722-8E65-468E-B37F-74142D144581}.Release|Any CPU.Build.0 = Release|Any CPU
		{F82556D9-E183-45B6-ADD2-4621E37B69A4}.Debug|Any CPU.ActiveCfg = Debug|Any CPU
		{F82556D9-E183-45B6-ADD2-4621E37B69A4}.Debug|Any CPU.Build.0 = Debug|Any CPU
		{F82556D9-E183-45B6-ADD2-4621E37B69A4}.Release|Any CPU.ActiveCfg = Release|Any CPU
		{F82556D9-E183-45B6-ADD2-4621E37B69A4}.Release|Any CPU.Build.0 = Release|Any CPU
	EndGlobalSection
	GlobalSection(SolutionProperties) = preSolution
		HideSolutionNode = FALSE
	EndGlobalSection
	GlobalSection(NestedProjects) = preSolution
		{58297EFA-7E78-47DB-988B-3E8F02D8A282} = {4B6B7254-0011-4E8D-B51D-24AE557028D2}
	EndGlobalSection
	GlobalSection(ExtensibilityGlobals) = postSolution
		SolutionGuid = {1D18B908-6D56-49FE-B09D-0DE940AE5265}
	EndGlobalSection
EndGlobal
