
Microsoft Visual Studio Solution File, Format Version 12.00
# Visual Studio Version 17
VisualStudioVersion = 17.0.31912.275
MinimumVisualStudioVersion = 10.0.40219.1
Project("{9A19103F-16F7-4668-BE54-9A1E7A4F7556}") = "RavenNest.Models", "src\RavenNest.Models\RavenNest.Models.csproj", "{22E78F81-4144-4960-AB2A-EBE0B1229BB3}"
EndProject
Project("{9A19103F-16F7-4668-BE54-9A1E7A4F7556}") = "RavenNest.BusinessLogic", "src\RavenNest.BusinessLogic\RavenNest.BusinessLogic.csproj", "{326220C7-74C2-4340-A298-113BD9F4992C}"
EndProject
Project("{9A19103F-16F7-4668-BE54-9A1E7A4F7556}") = "RavenNest.DataModels", "src\RavenNest.DataModels\RavenNest.DataModels.csproj", "{49562A61-681C-469A-9224-9A40953A30AE}"
EndProject
Project("{9A19103F-16F7-4668-BE54-9A1E7A4F7556}") = "RavenNest.UnitTests", "Tests\RavenNest.UnitTests\RavenNest.UnitTests.csproj", "{C7ACFCA9-38B3-4063-B478-05804197850E}"
EndProject
Project("{2150E333-8FDC-42A3-9474-1A3956D46DE8}") = "Solution Items", "Solution Items", "{B9B540A3-FCD7-4E76-9A9D-D27108AEC010}"
	ProjectSection(SolutionItems) = preProject
		.editorconfig = .editorconfig
		.gitignore = .gitignore
		README.md = README.md
	EndProjectSection
EndProject
Project("{9A19103F-16F7-4668-BE54-9A1E7A4F7556}") = "RavenNest.Tools", "src\tools\RavenNest.Tools\RavenNest.Tools.csproj", "{58297EFA-7E78-47DB-988B-3E8F02D8A282}"
EndProject
Project("{2150E333-8FDC-42A3-9474-1A3956D46DE8}") = "Tools", "Tools", "{4B6B7254-0011-4E8D-B51D-24AE557028D2}"
EndProject
Project("{9A19103F-16F7-4668-BE54-9A1E7A4F7556}") = "RavenNest.Blazor", "src\RavenNest.Blazor\RavenNest.Blazor.csproj", "{677D1722-8E65-468E-B37F-74142D144581}"
EndProject
Project("{9A19103F-16F7-4668-BE54-9A1E7A4F7556}") = "RavenNest.Blazor.Services", "src\RavenNest.Blazor.Services\RavenNest.Blazor.Services.csproj", "{F82556D9-E183-45B6-ADD2-4621E37B69A4}"
EndProject
Project("{2150E333-8FDC-42A3-9474-1A3956D46DE8}") = "Libs", "Libs", "{FF1E1C79-7C4E-40D4-AB60-A79AB55ABAF1}"
EndProject
Project("{9A19103F-16F7-4668-BE54-9A1E7A4F7556}") = "GameDataSimulation", "GameDataSimulation\GameDataSimulation.csproj", "{98E9B40E-7BD3-487C-AF77-70818982DE75}"
EndProject
Project("{9A19103F-16F7-4668-BE54-9A1E7A4F7556}") = "UnityVersionChanger", "src\tools\UnityVersionChanger\UnityVersionChanger.csproj", "{2230B21C-23E7-4575-B80A-F5357FC6BA6A}"
EndProject
Project("{9A19103F-16F7-4668-BE54-9A1E7A4F7556}") = "RavenfallPlayerLogCleaner", "src\tools\RavenfallPlayerLogCleaner\RavenfallPlayerLogCleaner.csproj", "{473FC467-FFEA-48AD-B7AB-A0BF9E0B12B0}"
EndProject
Project("{FAE04EC0-301F-11D3-BF4B-00C04F79EFBC}") = "DeltaServerTest", "src\tools\DeltaServerTest\DeltaServerTest.csproj", "{A2517929-EA6A-4B18-AA53-9C5F5DA49B63}"
EndProject
Project("{FAE04EC0-301F-11D3-BF4B-00C04F79EFBC}") = "RavenNest.DataModels.Generators", "src\RavenNest.DataModels.Generators\RavenNest.DataModels.Generators.csproj", "{046714CE-1C01-4C54-AB91-BD376EF1618F}"
EndProject
Project("{FAE04EC0-301F-11D3-BF4B-00C04F79EFBC}") = "RavenNest.DataAnnotations", "src\RavenNest.DataAnnotations\RavenNest.DataAnnotations.csproj", "{AEDF85B4-0CB4-4C67-B6CC-38A3CFACF3A1}"
EndProject
Global
	GlobalSection(SolutionConfigurationPlatforms) = preSolution
		Debug|Any CPU = Debug|Any CPU
		Release|Any CPU = Release|Any CPU
	EndGlobalSection
	GlobalSection(ProjectConfigurationPlatforms) = postSolution
		{22E78F81-4144-4960-AB2A-EBE0B1229BB3}.Debug|Any CPU.ActiveCfg = Debug|Any CPU
		{22E78F81-4144-4960-AB2A-EBE0B1229BB3}.Debug|Any CPU.Build.0 = Debug|Any CPU
		{22E78F81-4144-4960-AB2A-EBE0B1229BB3}.Release|Any CPU.ActiveCfg = Release|Any CPU
		{22E78F81-4144-4960-AB2A-EBE0B1229BB3}.Release|Any CPU.Build.0 = Release|Any CPU
		{326220C7-74C2-4340-A298-113BD9F4992C}.Debug|Any CPU.ActiveCfg = Debug|Any CPU
		{326220C7-74C2-4340-A298-113BD9F4992C}.Debug|Any CPU.Build.0 = Debug|Any CPU
		{326220C7-74C2-4340-A298-113BD9F4992C}.Release|Any CPU.ActiveCfg = Release|Any CPU
		{326220C7-74C2-4340-A298-113BD9F4992C}.Release|Any CPU.Build.0 = Release|Any CPU
		{49562A61-681C-469A-9224-9A40953A30AE}.Debug|Any CPU.ActiveCfg = Debug|Any CPU
		{49562A61-681C-469A-9224-9A40953A30AE}.Debug|Any CPU.Build.0 = Debug|Any CPU
		{49562A61-681C-469A-9224-9A40953A30AE}.Release|Any CPU.ActiveCfg = Release|Any CPU
		{49562A61-681C-469A-9224-9A40953A30AE}.Release|Any CPU.Build.0 = Release|Any CPU
		{C7ACFCA9-38B3-4063-B478-05804197850E}.Debug|Any CPU.ActiveCfg = Debug|Any CPU
		{C7ACFCA9-38B3-4063-B478-05804197850E}.Debug|Any CPU.Build.0 = Debug|Any CPU
		{C7ACFCA9-38B3-4063-B478-05804197850E}.Release|Any CPU.ActiveCfg = Release|Any CPU
		{C7ACFCA9-38B3-4063-B478-05804197850E}.Release|Any CPU.Build.0 = Release|Any CPU
		{58297EFA-7E78-47DB-988B-3E8F02D8A282}.Debug|Any CPU.ActiveCfg = Debug|Any CPU
		{58297EFA-7E78-47DB-988B-3E8F02D8A282}.Debug|Any CPU.Build.0 = Debug|Any CPU
		{58297EFA-7E78-47DB-988B-3E8F02D8A282}.Release|Any CPU.ActiveCfg = Release|Any CPU
		{58297EFA-7E78-47DB-988B-3E8F02D8A282}.Release|Any CPU.Build.0 = Release|Any CPU
		{677D1722-8E65-468E-B37F-74142D144581}.Debug|Any CPU.ActiveCfg = Debug|Any CPU
		{677D1722-8E65-468E-B37F-74142D144581}.Debug|Any CPU.Build.0 = Debug|Any CPU
		{677D1722-8E65-468E-B37F-74142D144581}.Release|Any CPU.ActiveCfg = Release|Any CPU
		{677D1722-8E65-468E-B37F-74142D144581}.Release|Any CPU.Build.0 = Release|Any CPU
		{F82556D9-E183-45B6-ADD2-4621E37B69A4}.Debug|Any CPU.ActiveCfg = Debug|Any CPU
		{F82556D9-E183-45B6-ADD2-4621E37B69A4}.Debug|Any CPU.Build.0 = Debug|Any CPU
		{F82556D9-E183-45B6-ADD2-4621E37B69A4}.Release|Any CPU.ActiveCfg = Release|Any CPU
		{F82556D9-E183-45B6-ADD2-4621E37B69A4}.Release|Any CPU.Build.0 = Release|Any CPU
		{98E9B40E-7BD3-487C-AF77-70818982DE75}.Debug|Any CPU.ActiveCfg = Debug|Any CPU
		{98E9B40E-7BD3-487C-AF77-70818982DE75}.Debug|Any CPU.Build.0 = Debug|Any CPU
		{98E9B40E-7BD3-487C-AF77-70818982DE75}.Release|Any CPU.ActiveCfg = Release|Any CPU
		{98E9B40E-7BD3-487C-AF77-70818982DE75}.Release|Any CPU.Build.0 = Release|Any CPU
		{2230B21C-23E7-4575-B80A-F5357FC6BA6A}.Debug|Any CPU.ActiveCfg = Debug|Any CPU
		{2230B21C-23E7-4575-B80A-F5357FC6BA6A}.Debug|Any CPU.Build.0 = Debug|Any CPU
		{2230B21C-23E7-4575-B80A-F5357FC6BA6A}.Release|Any CPU.ActiveCfg = Release|Any CPU
		{2230B21C-23E7-4575-B80A-F5357FC6BA6A}.Release|Any CPU.Build.0 = Release|Any CPU
		{473FC467-FFEA-48AD-B7AB-A0BF9E0B12B0}.Debug|Any CPU.ActiveCfg = Debug|Any CPU
		{473FC467-FFEA-48AD-B7AB-A0BF9E0B12B0}.Debug|Any CPU.Build.0 = Debug|Any CPU
		{473FC467-FFEA-48AD-B7AB-A0BF9E0B12B0}.Release|Any CPU.ActiveCfg = Release|Any CPU
		{473FC467-FFEA-48AD-B7AB-A0BF9E0B12B0}.Release|Any CPU.Build.0 = Release|Any CPU
		{A2517929-EA6A-4B18-AA53-9C5F5DA49B63}.Debug|Any CPU.ActiveCfg = Debug|Any CPU
		{A2517929-EA6A-4B18-AA53-9C5F5DA49B63}.Debug|Any CPU.Build.0 = Debug|Any CPU
		{A2517929-EA6A-4B18-AA53-9C5F5DA49B63}.Release|Any CPU.ActiveCfg = Release|Any CPU
		{A2517929-EA6A-4B18-AA53-9C5F5DA49B63}.Release|Any CPU.Build.0 = Release|Any CPU
		{046714CE-1C01-4C54-AB91-BD376EF1618F}.Debug|Any CPU.ActiveCfg = Debug|Any CPU
		{046714CE-1C01-4C54-AB91-BD376EF1618F}.Debug|Any CPU.Build.0 = Debug|Any CPU
		{046714CE-1C01-4C54-AB91-BD376EF1618F}.Release|Any CPU.ActiveCfg = Release|Any CPU
		{046714CE-1C01-4C54-AB91-BD376EF1618F}.Release|Any CPU.Build.0 = Release|Any CPU
		{AEDF85B4-0CB4-4C67-B6CC-38A3CFACF3A1}.Debug|Any CPU.ActiveCfg = Debug|Any CPU
		{AEDF85B4-0CB4-4C67-B6CC-38A3CFACF3A1}.Debug|Any CPU.Build.0 = Debug|Any CPU
		{AEDF85B4-0CB4-4C67-B6CC-38A3CFACF3A1}.Release|Any CPU.ActiveCfg = Release|Any CPU
		{AEDF85B4-0CB4-4C67-B6CC-38A3CFACF3A1}.Release|Any CPU.Build.0 = Release|Any CPU
	EndGlobalSection
	GlobalSection(SolutionProperties) = preSolution
		HideSolutionNode = FALSE
	EndGlobalSection
	GlobalSection(NestedProjects) = preSolution
		{22E78F81-4144-4960-AB2A-EBE0B1229BB3} = {FF1E1C79-7C4E-40D4-AB60-A79AB55ABAF1}
		{326220C7-74C2-4340-A298-113BD9F4992C} = {FF1E1C79-7C4E-40D4-AB60-A79AB55ABAF1}
		{49562A61-681C-469A-9224-9A40953A30AE} = {FF1E1C79-7C4E-40D4-AB60-A79AB55ABAF1}
		{58297EFA-7E78-47DB-988B-3E8F02D8A282} = {4B6B7254-0011-4E8D-B51D-24AE557028D2}
		{98E9B40E-7BD3-487C-AF77-70818982DE75} = {4B6B7254-0011-4E8D-B51D-24AE557028D2}
		{2230B21C-23E7-4575-B80A-F5357FC6BA6A} = {4B6B7254-0011-4E8D-B51D-24AE557028D2}
		{473FC467-FFEA-48AD-B7AB-A0BF9E0B12B0} = {4B6B7254-0011-4E8D-B51D-24AE557028D2}
		{A2517929-EA6A-4B18-AA53-9C5F5DA49B63} = {4B6B7254-0011-4E8D-B51D-24AE557028D2}
		{046714CE-1C01-4C54-AB91-BD376EF1618F} = {FF1E1C79-7C4E-40D4-AB60-A79AB55ABAF1}
		{AEDF85B4-0CB4-4C67-B6CC-38A3CFACF3A1} = {FF1E1C79-7C4E-40D4-AB60-A79AB55ABAF1}
	EndGlobalSection
	GlobalSection(ExtensibilityGlobals) = postSolution
		SolutionGuid = {1D18B908-6D56-49FE-B09D-0DE940AE5265}
	EndGlobalSection
EndGlobal
